
Microsoft Visual Studio Solution File, Format Version 15.00
# Visual Studio 2017
Project("{FAE04EC0-301F-11D3-BF4B-00C04F79EFBC}") = "twilifai", "twilifai.csproj", "{2A895F1E-6B13-4EEE-A425-3612148F5EA2}"
EndProject
Global
	GlobalSection(SolutionConfigurationPlatforms) = preSolution
		Debug|Any CPU = Debug|Any CPU
		Release|Any CPU = Release|Any CPU
	EndGlobalSection
	GlobalSection(ProjectConfigurationPlatforms) = postSolution
		{2A895F1E-6B13-4EEE-A425-3612148F5EA2}.Debug|Any CPU.ActiveCfg = Debug|Any CPU
		{2A895F1E-6B13-4EEE-A425-3612148F5EA2}.Debug|Any CPU.Build.0 = Debug|Any CPU
		{2A895F1E-6B13-4EEE-A425-3612148F5EA2}.Release|Any CPU.ActiveCfg = Release|Any CPU
		{2A895F1E-6B13-4EEE-A425-3612148F5EA2}.Release|Any CPU.Build.0 = Release|Any CPU
	EndGlobalSection
EndGlobal
